
Microsoft Visual Studio Solution File, Format Version 12.00
# Visual Studio Version 16
VisualStudioVersion = 16.0.30907.101
MinimumVisualStudioVersion = 10.0.40219.1
Project("{9A19103F-16F7-4668-BE54-9A1E7A4F7556}") = "DataAccess", "DataAccess\DataAccess.csproj", "{FB162668-CCC7-4418-B454-D89D310C5E6F}"
EndProject
Project("{9A19103F-16F7-4668-BE54-9A1E7A4F7556}") = "Entities", "Entities\Entities.csproj", "{727148D8-E20D-4B67-BFF0-64AAF919D1E8}"
EndProject
Project("{9A19103F-16F7-4668-BE54-9A1E7A4F7556}") = "Business", "Business\Business.csproj", "{1F19AD47-2B9A-427A-8C83-9B8BF7637C36}"
EndProject
Project("{9A19103F-16F7-4668-BE54-9A1E7A4F7556}") = "ConsoleUI", "ConsoleUI\ConsoleUI.csproj", "{0FAF792A-3C88-4440-97D4-1E368BFF4D06}"
EndProject
Global
	GlobalSection(SolutionConfigurationPlatforms) = preSolution
		Debug|Any CPU = Debug|Any CPU
		Release|Any CPU = Release|Any CPU
	EndGlobalSection
	GlobalSection(ProjectConfigurationPlatforms) = postSolution
		{FB162668-CCC7-4418-B454-D89D310C5E6F}.Debug|Any CPU.ActiveCfg = Debug|Any CPU
		{FB162668-CCC7-4418-B454-D89D310C5E6F}.Debug|Any CPU.Build.0 = Debug|Any CPU
		{FB162668-CCC7-4418-B454-D89D310C5E6F}.Release|Any CPU.ActiveCfg = Release|Any CPU
		{FB162668-CCC7-4418-B454-D89D310C5E6F}.Release|Any CPU.Build.0 = Release|Any CPU
		{727148D8-E20D-4B67-BFF0-64AAF919D1E8}.Debug|Any CPU.ActiveCfg = Debug|Any CPU
		{727148D8-E20D-4B67-BFF0-64AAF919D1E8}.Debug|Any CPU.Build.0 = Debug|Any CPU
		{727148D8-E20D-4B67-BFF0-64AAF919D1E8}.Release|Any CPU.ActiveCfg = Release|Any CPU
		{727148D8-E20D-4B67-BFF0-64AAF919D1E8}.Release|Any CPU.Build.0 = Release|Any CPU
		{1F19AD47-2B9A-427A-8C83-9B8BF7637C36}.Debug|Any CPU.ActiveCfg = Debug|Any CPU
		{1F19AD47-2B9A-427A-8C83-9B8BF7637C36}.Debug|Any CPU.Build.0 = Debug|Any CPU
		{1F19AD47-2B9A-427A-8C83-9B8BF7637C36}.Release|Any CPU.ActiveCfg = Release|Any CPU
		{1F19AD47-2B9A-427A-8C83-9B8BF7637C36}.Release|Any CPU.Build.0 = Release|Any CPU
		{0FAF792A-3C88-4440-97D4-1E368BFF4D06}.Debug|Any CPU.ActiveCfg = Debug|Any CPU
		{0FAF792A-3C88-4440-97D4-1E368BFF4D06}.Debug|Any CPU.Build.0 = Debug|Any CPU
		{0FAF792A-3C88-4440-97D4-1E368BFF4D06}.Release|Any CPU.ActiveCfg = Release|Any CPU
		{0FAF792A-3C88-4440-97D4-1E368BFF4D06}.Release|Any CPU.Build.0 = Release|Any CPU
	EndGlobalSection
	GlobalSection(SolutionProperties) = preSolution
		HideSolutionNode = FALSE
	EndGlobalSection
	GlobalSection(ExtensibilityGlobals) = postSolution
		SolutionGuid = {E9973C4F-6366-4BE4-ADD9-EE6AFD49E4DB}
	EndGlobalSection
EndGlobal
